// !$*UTF8*$!
{
	archiveVersion = 1;
	classes = {
	};
	objectVersion = 56;
	objects = {

/* Begin PBXBuildFile section */
		B10000000000000000000001 /* KhaytCompanionApp.swift in Sources */ = {isa = PBXBuildFile; fileRef = F10000000000000000000001 /* KhaytCompanionApp.swift */; };
		B10000000000000000000002 /* ContentView.swift in Sources */ = {isa = PBXBuildFile; fileRef = F10000000000000000000002 /* ContentView.swift */; };
		B10000000000000000000003 /* KhaytModels.swift in Sources */ = {isa = PBXBuildFile; fileRef = F10000000000000000000003 /* KhaytModels.swift */; };
		B10000000000000000000004 /* ConnectionSettings.swift in Sources */ = {isa = PBXBuildFile; fileRef = F10000000000000000000004 /* ConnectionSettings.swift */; };
		B10000000000000000000005 /* KhaytAPIClient.swift in Sources */ = {isa = PBXBuildFile; fileRef = F10000000000000000000005 /* KhaytAPIClient.swift */; };
		B10000000000000000000006 /* NFCParser.swift in Sources */ = {isa = PBXBuildFile; fileRef = F10000000000000000000006 /* NFCParser.swift */; };
		B10000000000000000000007 /* NFCReader.swift in Sources */ = {isa = PBXBuildFile; fileRef = F10000000000000000000007 /* NFCReader.swift */; };
		B10000000000000000000008 /* DashboardView.swift in Sources */ = {isa = PBXBuildFile; fileRef = F10000000000000000000008 /* DashboardView.swift */; };
		B10000000000000000000009 /* QueueView.swift in Sources */ = {isa = PBXBuildFile; fileRef = F10000000000000000000009 /* QueueView.swift */; };
		B1000000000000000000000A /* InventoryView.swift in Sources */ = {isa = PBXBuildFile; fileRef = F1000000000000000000000A /* InventoryView.swift */; };
		B1000000000000000000000C /* SettingsView.swift in Sources */ = {isa = PBXBuildFile; fileRef = F1000000000000000000000C /* SettingsView.swift */; };
		B1000000000000000000000D /* Assets.xcassets in Resources */ = {isa = PBXBuildFile; fileRef = F1000000000000000000000D /* Assets.xcassets */; };
		B10000000000000000000010 /* ConnectionHealth.swift in Sources */ = {isa = PBXBuildFile; fileRef = F10000000000000000000010 /* ConnectionHealth.swift */; };
		B10000000000000000000011 /* PairingView.swift in Sources */ = {isa = PBXBuildFile; fileRef = F10000000000000000000011 /* PairingView.swift */; };
		B10000000000000000000012 /* MachinesView.swift in Sources */ = {isa = PBXBuildFile; fileRef = F10000000000000000000012 /* MachinesView.swift */; };
		B10000000000000000000013 /* ConnectionBadge.swift in Sources */ = {isa = PBXBuildFile; fileRef = F10000000000000000000013 /* ConnectionBadge.swift */; };
		B10000000000000000000014 /* FilamentLabelParser.swift in Sources */ = {isa = PBXBuildFile; fileRef = F10000000000000000000014 /* FilamentLabelParser.swift */; };
		B10000000000000000000015 /* BarcodeScannerView.swift in Sources */ = {isa = PBXBuildFile; fileRef = F10000000000000000000015 /* BarcodeScannerView.swift */; };
		B10000000000000000000017 /* SpoolDraft.swift in Sources */ = {isa = PBXBuildFile; fileRef = F10000000000000000000017 /* SpoolDraft.swift */; };
		B10000000000000000000018 /* AddSpoolSheet.swift in Sources */ = {isa = PBXBuildFile; fileRef = F10000000000000000000018 /* AddSpoolSheet.swift */; };
		B10000000000000000000019 /* LabelTextAccumulator.swift in Sources */ = {isa = PBXBuildFile; fileRef = F10000000000000000000019 /* LabelTextAccumulator.swift */; };
		B1000000000000000000001A /* LabelPhotoOCR.swift in Sources */ = {isa = PBXBuildFile; fileRef = F1000000000000000000001A /* LabelPhotoOCR.swift */; };
		B1000000000000000000001B /* LabelCameraPicker.swift in Sources */ = {isa = PBXBuildFile; fileRef = F1000000000000000000001B /* LabelCameraPicker.swift */; };
/* End PBXBuildFile section */

/* Begin PBXFileReference section */
		F10000000000000000000001 /* KhaytCompanionApp.swift */ = {isa = PBXFileReference; lastKnownFileType = sourcecode.swift; path = KhaytCompanionApp.swift; sourceTree = "<group>"; };
		F10000000000000000000002 /* ContentView.swift */ = {isa = PBXFileReference; lastKnownFileType = sourcecode.swift; path = ContentView.swift; sourceTree = "<group>"; };
		F10000000000000000000003 /* KhaytModels.swift */ = {isa = PBXFileReference; lastKnownFileType = sourcecode.swift; path = KhaytModels.swift; sourceTree = "<group>"; };
		F10000000000000000000004 /* ConnectionSettings.swift */ = {isa = PBXFileReference; lastKnownFileType = sourcecode.swift; path = ConnectionSettings.swift; sourceTree = "<group>"; };
		F10000000000000000000005 /* KhaytAPIClient.swift */ = {isa = PBXFileReference; lastKnownFileType = sourcecode.swift; path = KhaytAPIClient.swift; sourceTree = "<group>"; };
		F10000000000000000000006 /* NFCParser.swift */ = {isa = PBXFileReference; lastKnownFileType = sourcecode.swift; path = NFCParser.swift; sourceTree = "<group>"; };
		F10000000000000000000007 /* NFCReader.swift */ = {isa = PBXFileReference; lastKnownFileType = sourcecode.swift; path = NFCReader.swift; sourceTree = "<group>"; };
		F10000000000000000000008 /* DashboardView.swift */ = {isa = PBXFileReference; lastKnownFileType = sourcecode.swift; path = DashboardView.swift; sourceTree = "<group>"; };
		F10000000000000000000009 /* QueueView.swift */ = {isa = PBXFileReference; lastKnownFileType = sourcecode.swift; path = QueueView.swift; sourceTree = "<group>"; };
		F1000000000000000000000A /* InventoryView.swift */ = {isa = PBXFileReference; lastKnownFileType = sourcecode.swift; path = InventoryView.swift; sourceTree = "<group>"; };
		F1000000000000000000000C /* SettingsView.swift */ = {isa = PBXFileReference; lastKnownFileType = sourcecode.swift; path = SettingsView.swift; sourceTree = "<group>"; };
		F1000000000000000000000D /* Assets.xcassets */ = {isa = PBXFileReference; lastKnownFileType = folder.assetcatalog; path = Assets.xcassets; sourceTree = "<group>"; };
		F1000000000000000000000E /* Info.plist */ = {isa = PBXFileReference; lastKnownFileType = text.plist.xml; path = Info.plist; sourceTree = "<group>"; };
		F1000000000000000000000F /* KhaytCompanion.entitlements */ = {isa = PBXFileReference; lastKnownFileType = text.plist.entitlements; path = KhaytCompanion.entitlements; sourceTree = "<group>"; };
		P10000000000000000000001 /* KhaytCompanion.app */ = {isa = PBXFileReference; explicitFileType = wrapper.application; includeInIndex = 0; path = KhaytCompanion.app; sourceTree = BUILT_PRODUCTS_DIR; };
		F10000000000000000000010 /* ConnectionHealth.swift */ = {isa = PBXFileReference; lastKnownFileType = sourcecode.swift; name = ConnectionHealth.swift; path = Services/ConnectionHealth.swift; sourceTree = "<group>"; };
		F10000000000000000000011 /* PairingView.swift */ = {isa = PBXFileReference; lastKnownFileType = sourcecode.swift; name = PairingView.swift; path = Views/PairingView.swift; sourceTree = "<group>"; };
		F10000000000000000000012 /* MachinesView.swift */ = {isa = PBXFileReference; lastKnownFileType = sourcecode.swift; name = MachinesView.swift; path = Views/MachinesView.swift; sourceTree = "<group>"; };
		F10000000000000000000013 /* ConnectionBadge.swift */ = {isa = PBXFileReference; lastKnownFileType = sourcecode.swift; name = ConnectionBadge.swift; path = Views/ConnectionBadge.swift; sourceTree = "<group>"; };
		F10000000000000000000014 /* FilamentLabelParser.swift */ = {isa = PBXFileReference; lastKnownFileType = sourcecode.swift; name = FilamentLabelParser.swift; path = Services/FilamentLabelParser.swift; sourceTree = "<group>"; };
		F10000000000000000000015 /* BarcodeScannerView.swift */ = {isa = PBXFileReference; lastKnownFileType = sourcecode.swift; name = BarcodeScannerView.swift; path = Views/BarcodeScannerView.swift; sourceTree = "<group>"; };
		F10000000000000000000017 /* SpoolDraft.swift */ = {isa = PBXFileReference; lastKnownFileType = sourcecode.swift; path = SpoolDraft.swift; sourceTree = "<group>"; };
		F10000000000000000000018 /* AddSpoolSheet.swift */ = {isa = PBXFileReference; lastKnownFileType = sourcecode.swift; path = AddSpoolSheet.swift; sourceTree = "<group>"; };
		F10000000000000000000019 /* LabelTextAccumulator.swift */ = {isa = PBXFileReference; lastKnownFileType = sourcecode.swift; name = LabelTextAccumulator.swift; path = Services/LabelTextAccumulator.swift; sourceTree = "<group>"; };
		F1000000000000000000001A /* LabelPhotoOCR.swift */ = {isa = PBXFileReference; lastKnownFileType = sourcecode.swift; name = LabelPhotoOCR.swift; path = Services/LabelPhotoOCR.swift; sourceTree = "<group>"; };
		F1000000000000000000001B /* LabelCameraPicker.swift */ = {isa = PBXFileReference; lastKnownFileType = sourcecode.swift; name = LabelCameraPicker.swift; path = Views/LabelCameraPicker.swift; sourceTree = "<group>"; };
/* End PBXFileReference section */

/* Begin PBXFrameworksBuildPhase section */
		FP1000000000000000000001 /* Frameworks */ = {
			isa = PBXFrameworksBuildPhase;
			buildActionMask = 2147483647;
			files = (
			);
			runOnlyForDeploymentPostprocessing = 0;
		};
/* End PBXFrameworksBuildPhase section */

/* Begin PBXGroup section */
		G10000000000000000000001 = {
			isa = PBXGroup;
			children = (
				G10000000000000000000002 /* KhaytCompanion */,
				G10000000000000000000003 /* Products */,
			);
			sourceTree = "<group>";
		};
		G10000000000000000000002 /* KhaytCompanion */ = {
			isa = PBXGroup;
			children = (
				F10000000000000000000001 /* KhaytCompanionApp.swift */,
				F10000000000000000000002 /* ContentView.swift */,
				G10000000000000000000004 /* Models */,
				G10000000000000000000005 /* Services */,
				G10000000000000000000006 /* NFC */,
				G10000000000000000000007 /* Views */,
				G10000000000000000000008 /* Resources */,
				F1000000000000000000000F /* KhaytCompanion.entitlements */,
				F10000000000000000000010 /* ConnectionHealth.swift */,
				F10000000000000000000011 /* PairingView.swift */,
				F10000000000000000000012 /* MachinesView.swift */,
				F10000000000000000000013 /* ConnectionBadge.swift */,
				F10000000000000000000015 /* BarcodeScannerView.swift */,
				F10000000000000000000014 /* FilamentLabelParser.swift */,
			);
			path = KhaytCompanion;
			sourceTree = "<group>";
		};
		G10000000000000000000003 /* Products */ = {
			isa = PBXGroup;
			children = (
				P10000000000000000000001 /* KhaytCompanion.app */,
			);
			name = Products;
			sourceTree = "<group>";
		};
		G10000000000000000000004 /* Models */ = {
			isa = PBXGroup;
			children = (
				F10000000000000000000003 /* KhaytModels.swift */,
				F10000000000000000000017 /* SpoolDraft.swift */,
			);
			path = Models;
			sourceTree = "<group>";
		};
		G10000000000000000000005 /* Services */ = {
			isa = PBXGroup;
			children = (
				F10000000000000000000004 /* ConnectionSettings.swift */,
				F10000000000000000000005 /* KhaytAPIClient.swift */,
				F10000000000000000000019 /* LabelTextAccumulator.swift */,
				F1000000000000000000001A /* LabelPhotoOCR.swift */,
			);
			path = Services;
			sourceTree = "<group>";
		};
		G10000000000000000000006 /* NFC */ = {
			isa = PBXGroup;
			children = (
				F10000000000000000000006 /* NFCParser.swift */,
				F10000000000000000000007 /* NFCReader.swift */,
			);
			path = NFC;
			sourceTree = "<group>";
		};
		G10000000000000000000007 /* Views */ = {
			isa = PBXGroup;
			children = (
				F10000000000000000000008 /* DashboardView.swift */,
				F10000000000000000000009 /* QueueView.swift */,
				F1000000000000000000000A /* InventoryView.swift */,
				F1000000000000000000000C /* SettingsView.swift */,
				F10000000000000000000018 /* AddSpoolSheet.swift */,
				F1000000000000000000001B /* LabelCameraPicker.swift */,
			);
			path = Views;
			sourceTree = "<group>";
		};
		G10000000000000000000008 /* Resources */ = {
			isa = PBXGroup;
			children = (
				F1000000000000000000000D /* Assets.xcassets */,
				F1000000000000000000000E /* Info.plist */,
			);
			path = Resources;
			sourceTree = "<group>";
		};
/* End PBXGroup section */

/* Begin PBXNativeTarget section */
		T10000000000000000000001 /* KhaytCompanion */ = {
			isa = PBXNativeTarget;
			buildConfigurationList = C10000000000000000000002 /* Build configuration list for PBXNativeTarget "KhaytCompanion" */;
			buildPhases = (
				S10000000000000000000001 /* Sources */,
				FP1000000000000000000001 /* Frameworks */,
				R10000000000000000000001 /* Resources */,
			);
			buildRules = (
			);
			dependencies = (
			);
			name = KhaytCompanion;
			productName = KhaytCompanion;
			productReference = P10000000000000000000001 /* KhaytCompanion.app */;
			productType = "com.apple.product-type.application";
		};
/* End PBXNativeTarget section */

/* Begin PBXProject section */
		PR1000000000000000000001 /* Project object */ = {
			isa = PBXProject;
			attributes = {
				BuildIndependentTargetsInParallel = 1;
				LastSwiftUpdateCheck = 1500;
				LastUpgradeCheck = 1500;
				TargetAttributes = {
					T10000000000000000000001 = {
						CreatedOnToolsVersion = 15.0;
					};
				};
			};
			buildConfigurationList = C10000000000000000000001 /* Build configuration list for PBXProject "KhaytCompanion" */;
			compatibilityVersion = "Xcode 14.0";
			developmentRegion = en;
			hasScannedForEncodings = 0;
			knownRegions = (
				en,
				Base,
			);
			mainGroup = G10000000000000000000001;
			productRefGroup = G10000000000000000000003 /* Products */;
			projectDirPath = "";
			projectRoot = "";
			targets = (
				T10000000000000000000001 /* KhaytCompanion */,
			);
		};
/* End PBXProject section */

/* Begin PBXResourcesBuildPhase section */
		R10000000000000000000001 /* Resources */ = {
			isa = PBXResourcesBuildPhase;
			buildActionMask = 2147483647;
			files = (
				B1000000000000000000000D /* Assets.xcassets in Resources */,
			);
			runOnlyForDeploymentPostprocessing = 0;
		};
/* End PBXResourcesBuildPhase section */

/* Begin PBXSourcesBuildPhase section */
		S10000000000000000000001 /* Sources */ = {
			isa = PBXSourcesBuildPhase;
			buildActionMask = 2147483647;
			files = (
				B10000000000000000000001 /* KhaytCompanionApp.swift in Sources */,
				B10000000000000000000002 /* ContentView.swift in Sources */,
				B10000000000000000000003 /* KhaytModels.swift in Sources */,
				B10000000000000000000004 /* ConnectionSettings.swift in Sources */,
				B10000000000000000000005 /* KhaytAPIClient.swift in Sources */,
				B10000000000000000000006 /* NFCParser.swift in Sources */,
				B10000000000000000000007 /* NFCReader.swift in Sources */,
				B10000000000000000000008 /* DashboardView.swift in Sources */,
				B10000000000000000000009 /* QueueView.swift in Sources */,
				B1000000000000000000000A /* InventoryView.swift in Sources */,
				B10000000000000000000017 /* SpoolDraft.swift in Sources */,
				B10000000000000000000018 /* AddSpoolSheet.swift in Sources */,
				B1000000000000000000001B /* LabelCameraPicker.swift in Sources */,
				B1000000000000000000001A /* LabelPhotoOCR.swift in Sources */,
				B10000000000000000000019 /* LabelTextAccumulator.swift in Sources */,
				B1000000000000000000000C /* SettingsView.swift in Sources */,
				B10000000000000000000015 /* BarcodeScannerView.swift in Sources */,
				B10000000000000000000014 /* FilamentLabelParser.swift in Sources */,
				B10000000000000000000010 /* ConnectionHealth.swift in Sources */,
				B10000000000000000000011 /* PairingView.swift in Sources */,
				B10000000000000000000012 /* MachinesView.swift in Sources */,
				B10000000000000000000013 /* ConnectionBadge.swift in Sources */,
			);
			runOnlyForDeploymentPostprocessing = 0;
		};
/* End PBXSourcesBuildPhase section */

/* Begin XCBuildConfiguration section */
		X10000000000000000000001 /* Debug */ = {
			isa = XCBuildConfiguration;
			buildSettings = {
				ALWAYS_SEARCH_USER_PATHS = NO;
				CLANG_ENABLE_MODULES = YES;
				CLANG_ENABLE_OBJC_ARC = YES;
				COPY_PHASE_STRIP = NO;
				DEBUG_INFORMATION_FORMAT = dwarf;
				ENABLE_TESTABILITY = YES;
				GCC_DYNAMIC_NO_PIC = NO;
				GCC_OPTIMIZATION_LEVEL = 0;
				GCC_PREPROCESSOR_DEFINITIONS = (
					"DEBUG=1",
					"$(inherited)",
				);
				IPHONEOS_DEPLOYMENT_TARGET = 17.0;
				MTL_ENABLE_DEBUG_INFO = INCLUDE_SOURCE;
				ONLY_ACTIVE_ARCH = YES;
				SDKROOT = iphoneos;
				SWIFT_ACTIVE_COMPILATION_CONDITIONS = DEBUG;
				SWIFT_OPTIMIZATION_LEVEL = "-Onone";
			};
			name = Debug;
		};
		X10000000000000000000002 /* Release */ = {
			isa = XCBuildConfiguration;
			buildSettings = {
				ALWAYS_SEARCH_USER_PATHS = NO;
				CLANG_ENABLE_MODULES = YES;
				CLANG_ENABLE_OBJC_ARC = YES;
				COPY_PHASE_STRIP = NO;
				DEBUG_INFORMATION_FORMAT = "dwarf-with-dsym";
				IPHONEOS_DEPLOYMENT_TARGET = 17.0;
				SDKROOT = iphoneos;
				SWIFT_COMPILATION_MODE = wholemodule;
				SWIFT_OPTIMIZATION_LEVEL = "-O";
				VALIDATE_PRODUCT = YES;
			};
			name = Release;
		};
		X10000000000000000000003 /* Debug */ = {
			isa = XCBuildConfiguration;
			buildSettings = {
				ASSETCATALOG_COMPILER_APPICON_NAME = AppIcon;
				ASSETCATALOG_COMPILER_GLOBAL_ACCENT_COLOR_NAME = AccentColor;
				CODE_SIGN_ENTITLEMENTS = KhaytCompanion/KhaytCompanion.entitlements;
				CODE_SIGN_STYLE = Automatic;
				CURRENT_PROJECT_VERSION = 1;
				DEVELOPMENT_TEAM = "";
				ENABLE_PREVIEWS = YES;
				GENERATE_INFOPLIST_FILE = NO;
				INFOPLIST_FILE = KhaytCompanion/Resources/Info.plist;
				INFOPLIST_KEY_UIApplicationSceneManifest_Generation = YES;
				INFOPLIST_KEY_UILaunchScreen_Generation = YES;
				INFOPLIST_KEY_UISupportedInterfaceOrientations = UIInterfaceOrientationPortrait;
				LD_RUNPATH_SEARCH_PATHS = (
					"$(inherited)",
					"@executable_path/Frameworks",
				);
				MARKETING_VERSION = 1.0.0;
				PRODUCT_BUNDLE_IDENTIFIER = com.khaytapp.companion;
				PRODUCT_NAME = "$(TARGET_NAME)";
				SWIFT_EMIT_LOC_STRINGS = YES;
				SWIFT_STRICT_CONCURRENCY = minimal;
				SWIFT_VERSION = 5.0;
				TARGETED_DEVICE_FAMILY = "1,2";
			};
			name = Debug;
		};
		X10000000000000000000004 /* Release */ = {
			isa = XCBuildConfiguration;
			buildSettings = {
				ASSETCATALOG_COMPILER_APPICON_NAME = AppIcon;
				ASSETCATALOG_COMPILER_GLOBAL_ACCENT_COLOR_NAME = AccentColor;
				CODE_SIGN_ENTITLEMENTS = KhaytCompanion/KhaytCompanion.entitlements;
				CODE_SIGN_STYLE = Automatic;
				CURRENT_PROJECT_VERSION = 1;
				DEVELOPMENT_TEAM = "";
				ENABLE_PREVIEWS = YES;
				GENERATE_INFOPLIST_FILE = NO;
				INFOPLIST_FILE = KhaytCompanion/Resources/Info.plist;
				INFOPLIST_KEY_UIApplicationSceneManifest_Generation = YES;
				INFOPLIST_KEY_UILaunchScreen_Generation = YES;
				INFOPLIST_KEY_UISupportedInterfaceOrientations = UIInterfaceOrientationPortrait;
				LD_RUNPATH_SEARCH_PATHS = (
					"$(inherited)",
					"@executable_path/Frameworks",
				);
				MARKETING_VERSION = 1.0.0;
				PRODUCT_BUNDLE_IDENTIFIER = com.khaytapp.companion;
				PRODUCT_NAME = "$(TARGET_NAME)";
				SWIFT_EMIT_LOC_STRINGS = YES;
				SWIFT_STRICT_CONCURRENCY = minimal;
				SWIFT_VERSION = 5.0;
				TARGETED_DEVICE_FAMILY = "1,2";
			};
			name = Release;
		};
/* End XCBuildConfiguration section */

/* Begin XCConfigurationList section */
		C10000000000000000000001 /* Build configuration list for PBXProject "KhaytCompanion" */ = {
			isa = XCConfigurationList;
			buildConfigurations = (
				X10000000000000000000001 /* Debug */,
				X10000000000000000000002 /* Release */,
			);
			defaultConfigurationIsVisible = 0;
			defaultConfigurationName = Release;
		};
		C10000000000000000000002 /* Build configuration list for PBXNativeTarget "KhaytCompanion" */ = {
			isa = XCConfigurationList;
			buildConfigurations = (
				X10000000000000000000003 /* Debug */,
				X10000000000000000000004 /* Release */,
			);
			defaultConfigurationIsVisible = 0;
			defaultConfigurationName = Release;
		};
/* End XCConfigurationList section */
	};
	rootObject = PR1000000000000000000001 /* Project object */;
}
